
Microsoft Visual Studio Solution File, Format Version 12.00
# Visual Studio Version 17
VisualStudioVersion = 17.0.31912.275
MinimumVisualStudioVersion = 10.0.40219.1
Project("{8BC9CEB8-8B4A-11D0-8D11-00A0C91BC942}") = "permafrost-engine", "permafrost-engine.vcxproj", "{FF9593C2-CDE9-4F1D-8601-575F6B43F48E}"
	ProjectSection(ProjectDependencies) = postProject
		{55AE3D72-7DE6-F19F-AEF2-9AE8CA26CF3D} = {55AE3D72-7DE6-F19F-AEF2-9AE8CA26CF3D}
		{4071E373-2639-34A7-9F76-767719C909AF} = {4071E373-2639-34A7-9F76-767719C909AF}
		{81CE8DAF-EBB2-4761-8E45-B71ABCCA8C68} = {81CE8DAF-EBB2-4761-8E45-B71ABCCA8C68}
		{CF7AC3D1-E2DF-41D2-BEA6-1E2556CDEA26} = {CF7AC3D1-E2DF-41D2-BEA6-1E2556CDEA26}
		{ABB5EAE7-B3E6-432E-B636-333449892EA7} = {ABB5EAE7-B3E6-432E-B636-333449892EA7}
	EndProjectSection
EndProject
Project("{8BC9CEB8-8B4A-11D0-8D11-00A0C91BC942}") = "Python", "deps\Python\PCbuild\pythoncore.vcxproj", "{CF7AC3D1-E2DF-41D2-BEA6-1E2556CDEA26}"
EndProject
Project("{8BC9CEB8-8B4A-11D0-8D11-00A0C91BC942}") = "SDL2", "deps\SDL2\VisualC\SDL\SDL.vcxproj", "{81CE8DAF-EBB2-4761-8E45-B71ABCCA8C68}"
EndProject
Project("{8BC9CEB8-8B4A-11D0-8D11-00A0C91BC942}") = "OpenAL", "deps\openal-soft\OpenAL.vcxproj", "{4071E373-2639-34A7-9F76-767719C909AF}"
	ProjectSection(ProjectDependencies) = postProject
		{178D52E7-47F4-35B0-9934-F49AB1BE32FF} = {178D52E7-47F4-35B0-9934-F49AB1BE32FF}
	EndProjectSection
EndProject
Project("{8BC9CEB8-8B4A-11D0-8D11-00A0C91BC942}") = "OpenAL-common", "deps\openal-soft\common.vcxproj", "{178D52E7-47F4-35B0-9934-F49AB1BE32FF}"
EndProject
Project("{8BC9CEB8-8B4A-11D0-8D11-00A0C91BC942}") = "GLEW", "deps\GLEW\build\vc17\glew_shared.vcxproj", "{55AE3D72-7DE6-F19F-AEF2-9AE8CA26CF3D}"
EndProject
Project("{8BC9CEB8-8B4A-11D0-8D11-00A0C91BC942}") = "mimalloc-override-dll", "deps\mimalloc\ide\vs2022\mimalloc-override-dll.vcxproj", "{ABB5EAE7-B3E6-432E-B636-333449892EA7}"
EndProject
Global
	GlobalSection(SolutionConfigurationPlatforms) = preSolution
		Debug|ARM64 = Debug|ARM64
		Debug|ARM64EC = Debug|ARM64EC
		Debug|x64 = Debug|x64
		Debug|x86 = Debug|x86
		MinSizeRel|ARM64 = MinSizeRel|ARM64
		MinSizeRel|ARM64EC = MinSizeRel|ARM64EC
		MinSizeRel|x64 = MinSizeRel|x64
		MinSizeRel|x86 = MinSizeRel|x86
		PGInstrument|ARM64 = PGInstrument|ARM64
		PGInstrument|ARM64EC = PGInstrument|ARM64EC
		PGInstrument|x64 = PGInstrument|x64
		PGInstrument|x86 = PGInstrument|x86
		PGUpdate|ARM64 = PGUpdate|ARM64
		PGUpdate|ARM64EC = PGUpdate|ARM64EC
		PGUpdate|x64 = PGUpdate|x64
		PGUpdate|x86 = PGUpdate|x86
		Release|ARM64 = Release|ARM64
		Release|ARM64EC = Release|ARM64EC
		Release|x64 = Release|x64
		Release|x86 = Release|x86
		RelWithDebInfo|ARM64 = RelWithDebInfo|ARM64
		RelWithDebInfo|ARM64EC = RelWithDebInfo|ARM64EC
		RelWithDebInfo|x64 = RelWithDebInfo|x64
		RelWithDebInfo|x86 = RelWithDebInfo|x86
	EndGlobalSection
	GlobalSection(ProjectConfigurationPlatforms) = postSolution
		{FF9593C2-CDE9-4F1D-8601-575F6B43F48E}.Debug|ARM64.ActiveCfg = Debug|x64
		{FF9593C2-CDE9-4F1D-8601-575F6B43F48E}.Debug|ARM64.Build.0 = Debug|x64
		{FF9593C2-CDE9-4F1D-8601-575F6B43F48E}.Debug|ARM64EC.ActiveCfg = Debug|x64
		{FF9593C2-CDE9-4F1D-8601-575F6B43F48E}.Debug|ARM64EC.Build.0 = Debug|x64
		{FF9593C2-CDE9-4F1D-8601-575F6B43F48E}.Debug|x64.ActiveCfg = Debug|x64
		{FF9593C2-CDE9-4F1D-8601-575F6B43F48E}.Debug|x64.Build.0 = Debug|x64
		{FF9593C2-CDE9-4F1D-8601-575F6B43F48E}.Debug|x86.ActiveCfg = Debug|Win32
		{FF9593C2-CDE9-4F1D-8601-575F6B43F48E}.Debug|x86.Build.0 = Debug|Win32
		{FF9593C2-CDE9-4F1D-8601-575F6B43F48E}.MinSizeRel|ARM64.ActiveCfg = Release|Win32
		{FF9593C2-CDE9-4F1D-8601-575F6B43F48E}.MinSizeRel|ARM64.Build.0 = Release|Win32
		{FF9593C2-CDE9-4F1D-8601-575F6B43F48E}.MinSizeRel|ARM64EC.ActiveCfg = Release|Win32
		{FF9593C2-CDE9-4F1D-8601-575F6B43F48E}.MinSizeRel|ARM64EC.Build.0 = Release|Win32
		{FF9593C2-CDE9-4F1D-8601-575F6B43F48E}.MinSizeRel|x64.ActiveCfg = Release|x64
		{FF9593C2-CDE9-4F1D-8601-575F6B43F48E}.MinSizeRel|x64.Build.0 = Release|x64
		{FF9593C2-CDE9-4F1D-8601-575F6B43F48E}.MinSizeRel|x86.ActiveCfg = Release|Win32
		{FF9593C2-CDE9-4F1D-8601-575F6B43F48E}.MinSizeRel|x86.Build.0 = Release|Win32
		{FF9593C2-CDE9-4F1D-8601-575F6B43F48E}.PGInstrument|ARM64.ActiveCfg = Release|Win32
		{FF9593C2-CDE9-4F1D-8601-575F6B43F48E}.PGInstrument|ARM64.Build.0 = Release|Win32
		{FF9593C2-CDE9-4F1D-8601-575F6B43F48E}.PGInstrument|ARM64EC.ActiveCfg = Release|Win32
		{FF9593C2-CDE9-4F1D-8601-575F6B43F48E}.PGInstrument|ARM64EC.Build.0 = Release|Win32
		{FF9593C2-CDE9-4F1D-8601-575F6B43F48E}.PGInstrument|x64.ActiveCfg = Release|x64
		{FF9593C2-CDE9-4F1D-8601-575F6B43F48E}.PGInstrument|x64.Build.0 = Release|x64
		{FF9593C2-CDE9-4F1D-8601-575F6B43F48E}.PGInstrument|x86.ActiveCfg = Release|Win32
		{FF9593C2-CDE9-4F1D-8601-575F6B43F48E}.PGInstrument|x86.Build.0 = Release|Win32
		{FF9593C2-CDE9-4F1D-8601-575F6B43F48E}.PGUpdate|ARM64.ActiveCfg = Release|Win32
		{FF9593C2-CDE9-4F1D-8601-575F6B43F48E}.PGUpdate|ARM64.Build.0 = Release|Win32
		{FF9593C2-CDE9-4F1D-8601-575F6B43F48E}.PGUpdate|ARM64EC.ActiveCfg = Release|Win32
		{FF9593C2-CDE9-4F1D-8601-575F6B43F48E}.PGUpdate|ARM64EC.Build.0 = Release|Win32
		{FF9593C2-CDE9-4F1D-8601-575F6B43F48E}.PGUpdate|x64.ActiveCfg = Release|x64
		{FF9593C2-CDE9-4F1D-8601-575F6B43F48E}.PGUpdate|x64.Build.0 = Release|x64
		{FF9593C2-CDE9-4F1D-8601-575F6B43F48E}.PGUpdate|x86.ActiveCfg = Release|Win32
		{FF9593C2-CDE9-4F1D-8601-575F6B43F48E}.PGUpdate|x86.Build.0 = Release|Win32
		{FF9593C2-CDE9-4F1D-8601-575F6B43F48E}.Release|ARM64.ActiveCfg = Release|x64
		{FF9593C2-CDE9-4F1D-8601-575F6B43F48E}.Release|ARM64.Build.0 = Release|x64
		{FF9593C2-CDE9-4F1D-8601-575F6B43F48E}.Release|ARM64EC.ActiveCfg = Release|x64
		{FF9593C2-CDE9-4F1D-8601-575F6B43F48E}.Release|ARM64EC.Build.0 = Release|x64
		{FF9593C2-CDE9-4F1D-8601-575F6B43F48E}.Release|x64.ActiveCfg = Release|x64
		{FF9593C2-CDE9-4F1D-8601-575F6B43F48E}.Release|x64.Build.0 = Release|x64
		{FF9593C2-CDE9-4F1D-8601-575F6B43F48E}.Release|x86.ActiveCfg = Release|Win32
		{FF9593C2-CDE9-4F1D-8601-575F6B43F48E}.Release|x86.Build.0 = Release|Win32
		{FF9593C2-CDE9-4F1D-8601-575F6B43F48E}.RelWithDebInfo|ARM64.ActiveCfg = Release|Win32
		{FF9593C2-CDE9-4F1D-8601-575F6B43F48E}.RelWithDebInfo|ARM64.Build.0 = Release|Win32
		{FF9593C2-CDE9-4F1D-8601-575F6B43F48E}.RelWithDebInfo|ARM64EC.ActiveCfg = Release|Win32
		{FF9593C2-CDE9-4F1D-8601-575F6B43F48E}.RelWithDebInfo|ARM64EC.Build.0 = Release|Win32
		{FF9593C2-CDE9-4F1D-8601-575F6B43F48E}.RelWithDebInfo|x64.ActiveCfg = Release|x64
		{FF9593C2-CDE9-4F1D-8601-575F6B43F48E}.RelWithDebInfo|x64.Build.0 = Release|x64
		{FF9593C2-CDE9-4F1D-8601-575F6B43F48E}.RelWithDebInfo|x86.ActiveCfg = Release|Win32
		{FF9593C2-CDE9-4F1D-8601-575F6B43F48E}.RelWithDebInfo|x86.Build.0 = Release|Win32
		{CF7AC3D1-E2DF-41D2-BEA6-1E2556CDEA26}.Debug|ARM64.ActiveCfg = Debug|x64
		{CF7AC3D1-E2DF-41D2-BEA6-1E2556CDEA26}.Debug|ARM64.Build.0 = Debug|x64
		{CF7AC3D1-E2DF-41D2-BEA6-1E2556CDEA26}.Debug|ARM64EC.ActiveCfg = Debug|x64
		{CF7AC3D1-E2DF-41D2-BEA6-1E2556CDEA26}.Debug|ARM64EC.Build.0 = Debug|x64
		{CF7AC3D1-E2DF-41D2-BEA6-1E2556CDEA26}.Debug|x64.ActiveCfg = Debug|x64
		{CF7AC3D1-E2DF-41D2-BEA6-1E2556CDEA26}.Debug|x64.Build.0 = Debug|x64
		{CF7AC3D1-E2DF-41D2-BEA6-1E2556CDEA26}.Debug|x86.ActiveCfg = Debug|Win32
		{CF7AC3D1-E2DF-41D2-BEA6-1E2556CDEA26}.Debug|x86.Build.0 = Debug|Win32
		{CF7AC3D1-E2DF-41D2-BEA6-1E2556CDEA26}.MinSizeRel|ARM64.ActiveCfg = PGUpdate|Win32
		{CF7AC3D1-E2DF-41D2-BEA6-1E2556CDEA26}.MinSizeRel|ARM64.Build.0 = PGUpdate|Win32
		{CF7AC3D1-E2DF-41D2-BEA6-1E2556CDEA26}.MinSizeRel|ARM64EC.ActiveCfg = PGUpdate|Win32
		{CF7AC3D1-E2DF-41D2-BEA6-1E2556CDEA26}.MinSizeRel|ARM64EC.Build.0 = PGUpdate|Win32
		{CF7AC3D1-E2DF-41D2-BEA6-1E2556CDEA26}.MinSizeRel|x64.ActiveCfg = Release|x64
		{CF7AC3D1-E2DF-41D2-BEA6-1E2556CDEA26}.MinSizeRel|x64.Build.0 = Release|x64
		{CF7AC3D1-E2DF-41D2-BEA6-1E2556CDEA26}.MinSizeRel|x86.ActiveCfg = Release|Win32
		{CF7AC3D1-E2DF-41D2-BEA6-1E2556CDEA26}.MinSizeRel|x86.Build.0 = Release|Win32
		{CF7AC3D1-E2DF-41D2-BEA6-1E2556CDEA26}.PGInstrument|ARM64.ActiveCfg = PGInstrument|x64
		{CF7AC3D1-E2DF-41D2-BEA6-1E2556CDEA26}.PGInstrument|ARM64.Build.0 = PGInstrument|x64
		{CF7AC3D1-E2DF-41D2-BEA6-1E2556CDEA26}.PGInstrument|ARM64EC.ActiveCfg = PGInstrument|x64
		{CF7AC3D1-E2DF-41D2-BEA6-1E2556CDEA26}.PGInstrument|ARM64EC.Build.0 = PGInstrument|x64
		{CF7AC3D1-E2DF-41D2-BEA6-1E2556CDEA26}.PGInstrument|x64.ActiveCfg = PGInstrument|x64
		{CF7AC3D1-E2DF-41D2-BEA6-1E2556CDEA26}.PGInstrument|x64.Build.0 = PGInstrument|x64
		{CF7AC3D1-E2DF-41D2-BEA6-1E2556CDEA26}.PGInstrument|x86.ActiveCfg = PGInstrument|Win32
		{CF7AC3D1-E2DF-41D2-BEA6-1E2556CDEA26}.PGInstrument|x86.Build.0 = PGInstrument|Win32
		{CF7AC3D1-E2DF-41D2-BEA6-1E2556CDEA26}.PGUpdate|ARM64.ActiveCfg = PGUpdate|x64
		{CF7AC3D1-E2DF-41D2-BEA6-1E2556CDEA26}.PGUpdate|ARM64.Build.0 = PGUpdate|x64
		{CF7AC3D1-E2DF-41D2-BEA6-1E2556CDEA26}.PGUpdate|ARM64EC.ActiveCfg = PGUpdate|x64
		{CF7AC3D1-E2DF-41D2-BEA6-1E2556CDEA26}.PGUpdate|ARM64EC.Build.0 = PGUpdate|x64
		{CF7AC3D1-E2DF-41D2-BEA6-1E2556CDEA26}.PGUpdate|x64.ActiveCfg = PGUpdate|x64
		{CF7AC3D1-E2DF-41D2-BEA6-1E2556CDEA26}.PGUpdate|x64.Build.0 = PGUpdate|x64
		{CF7AC3D1-E2DF-41D2-BEA6-1E2556CDEA26}.PGUpdate|x86.ActiveCfg = PGUpdate|Win32
		{CF7AC3D1-E2DF-41D2-BEA6-1E2556CDEA26}.PGUpdate|x86.Build.0 = PGUpdate|Win32
		{CF7AC3D1-E2DF-41D2-BEA6-1E2556CDEA26}.Release|ARM64.ActiveCfg = Release|x64
		{CF7AC3D1-E2DF-41D2-BEA6-1E2556CDEA26}.Release|ARM64.Build.0 = Release|x64
		{CF7AC3D1-E2DF-41D2-BEA6-1E2556CDEA26}.Release|ARM64EC.ActiveCfg = Release|x64
		{CF7AC3D1-E2DF-41D2-BEA6-1E2556CDEA26}.Release|ARM64EC.Build.0 = Release|x64
		{CF7AC3D1-E2DF-41D2-BEA6-1E2556CDEA26}.Release|x64.ActiveCfg = Release|x64
		{CF7AC3D1-E2DF-41D2-BEA6-1E2556CDEA26}.Release|x64.Build.0 = Release|x64
		{CF7AC3D1-E2DF-41D2-BEA6-1E2556CDEA26}.Release|x86.ActiveCfg = Release|Win32
		{CF7AC3D1-E2DF-41D2-BEA6-1E2556CDEA26}.Release|x86.Build.0 = Release|Win32
		{CF7AC3D1-E2DF-41D2-BEA6-1E2556CDEA26}.RelWithDebInfo|ARM64.ActiveCfg = PGUpdate|Win32
		{CF7AC3D1-E2DF-41D2-BEA6-1E2556CDEA26}.RelWithDebInfo|ARM64.Build.0 = PGUpdate|Win32
		{CF7AC3D1-E2DF-41D2-BEA6-1E2556CDEA26}.RelWithDebInfo|ARM64EC.ActiveCfg = PGUpdate|Win32
		{CF7AC3D1-E2DF-41D2-BEA6-1E2556CDEA26}.RelWithDebInfo|ARM64EC.Build.0 = PGUpdate|Win32
		{CF7AC3D1-E2DF-41D2-BEA6-1E2556CDEA26}.RelWithDebInfo|x64.ActiveCfg = Release|x64
		{CF7AC3D1-E2DF-41D2-BEA6-1E2556CDEA26}.RelWithDebInfo|x64.Build.0 = Release|x64
		{CF7AC3D1-E2DF-41D2-BEA6-1E2556CDEA26}.RelWithDebInfo|x86.ActiveCfg = Release|Win32
		{CF7AC3D1-E2DF-41D2-BEA6-1E2556CDEA26}.RelWithDebInfo|x86.Build.0 = Release|Win32
		{81CE8DAF-EBB2-4761-8E45-B71ABCCA8C68}.Debug|ARM64.ActiveCfg = Debug|x64
		{81CE8DAF-EBB2-4761-8E45-B71ABCCA8C68}.Debug|ARM64.Build.0 = Debug|x64
		{81CE8DAF-EBB2-4761-8E45-B71ABCCA8C68}.Debug|ARM64EC.ActiveCfg = Debug|x64
		{81CE8DAF-EBB2-4761-8E45-B71ABCCA8C68}.Debug|ARM64EC.Build.0 = Debug|x64
		{81CE8DAF-EBB2-4761-8E45-B71ABCCA8C68}.Debug|x64.ActiveCfg = Debug|x64
		{81CE8DAF-EBB2-4761-8E45-B71ABCCA8C68}.Debug|x64.Build.0 = Debug|x64
		{81CE8DAF-EBB2-4761-8E45-B71ABCCA8C68}.Debug|x86.ActiveCfg = Debug|Win32
		{81CE8DAF-EBB2-4761-8E45-B71ABCCA8C68}.Debug|x86.Build.0 = Debug|Win32
		{81CE8DAF-EBB2-4761-8E45-B71ABCCA8C68}.MinSizeRel|ARM64.ActiveCfg = Release|Win32
		{81CE8DAF-EBB2-4761-8E45-B71ABCCA8C68}.MinSizeRel|ARM64.Build.0 = Release|Win32
		{81CE8DAF-EBB2-4761-8E45-B71ABCCA8C68}.MinSizeRel|ARM64EC.ActiveCfg = Release|Win32
		{81CE8DAF-EBB2-4761-8E45-B71ABCCA8C68}.MinSizeRel|ARM64EC.Build.0 = Release|Win32
		{81CE8DAF-EBB2-4761-8E45-B71ABCCA8C68}.MinSizeRel|x64.ActiveCfg = Release|x64
		{81CE8DAF-EBB2-4761-8E45-B71ABCCA8C68}.MinSizeRel|x64.Build.0 = Release|x64
		{81CE8DAF-EBB2-4761-8E45-B71ABCCA8C68}.MinSizeRel|x86.ActiveCfg = Release|Win32
		{81CE8DAF-EBB2-4761-8E45-B71ABCCA8C68}.MinSizeRel|x86.Build.0 = Release|Win32
		{81CE8DAF-EBB2-4761-8E45-B71ABCCA8C68}.PGInstrument|ARM64.ActiveCfg = Release|Win32
		{81CE8DAF-EBB2-4761-8E45-B71ABCCA8C68}.PGInstrument|ARM64.Build.0 = Release|Win32
		{81CE8DAF-EBB2-4761-8E45-B71ABCCA8C68}.PGInstrument|ARM64EC.ActiveCfg = Release|Win32
		{81CE8DAF-EBB2-4761-8E45-B71ABCCA8C68}.PGInstrument|ARM64EC.Build.0 = Release|Win32
		{81CE8DAF-EBB2-4761-8E45-B71ABCCA8C68}.PGInstrument|x64.ActiveCfg = Debug|x64
		{81CE8DAF-EBB2-4761-8E45-B71ABCCA8C68}.PGInstrument|x64.Build.0 = Debug|x64
		{81CE8DAF-EBB2-4761-8E45-B71ABCCA8C68}.PGInstrument|x86.ActiveCfg = Debug|Win32
		{81CE8DAF-EBB2-4761-8E45-B71ABCCA8C68}.PGInstrument|x86.Build.0 = Debug|Win32
		{81CE8DAF-EBB2-4761-8E45-B71ABCCA8C68}.PGUpdate|ARM64.ActiveCfg = Release|Win32
		{81CE8DAF-EBB2-4761-8E45-B71ABCCA8C68}.PGUpdate|ARM64.Build.0 = Release|Win32
		{81CE8DAF-EBB2-4761-8E45-B71ABCCA8C68}.PGUpdate|ARM64EC.ActiveCfg = Release|Win32
		{81CE8DAF-EBB2-4761-8E45-B71ABCCA8C68}.PGUpdate|ARM64EC.Build.0 = Release|Win32
		{81CE8DAF-EBB2-4761-8E45-B71ABCCA8C68}.PGUpdate|x64.ActiveCfg = Debug|x64
		{81CE8DAF-EBB2-4761-8E45-B71ABCCA8C68}.PGUpdate|x64.Build.0 = Debug|x64
		{81CE8DAF-EBB2-4761-8E45-B71ABCCA8C68}.PGUpdate|x86.ActiveCfg = Debug|Win32
		{81CE8DAF-EBB2-4761-8E45-B71ABCCA8C68}.PGUpdate|x86.Build.0 = Debug|Win32
		{81CE8DAF-EBB2-4761-8E45-B71ABCCA8C68}.Release|ARM64.ActiveCfg = Release|x64
		{81CE8DAF-EBB2-4761-8E45-B71ABCCA8C68}.Release|ARM64.Build.0 = Release|x64
		{81CE8DAF-EBB2-4761-8E45-B71ABCCA8C68}.Release|ARM64EC.ActiveCfg = Release|x64
		{81CE8DAF-EBB2-4761-8E45-B71ABCCA8C68}.Release|ARM64EC.Build.0 = Release|x64
		{81CE8DAF-EBB2-4761-8E45-B71ABCCA8C68}.Release|x64.ActiveCfg = Release|x64
		{81CE8DAF-EBB2-4761-8E45-B71ABCCA8C68}.Release|x64.Build.0 = Release|x64
		{81CE8DAF-EBB2-4761-8E45-B71ABCCA8C68}.Release|x86.ActiveCfg = Release|Win32
		{81CE8DAF-EBB2-4761-8E45-B71ABCCA8C68}.Release|x86.Build.0 = Release|Win32
		{81CE8DAF-EBB2-4761-8E45-B71ABCCA8C68}.RelWithDebInfo|ARM64.ActiveCfg = Release|Win32
		{81CE8DAF-EBB2-4761-8E45-B71ABCCA8C68}.RelWithDebInfo|ARM64.Build.0 = Release|Win32
		{81CE8DAF-EBB2-4761-8E45-B71ABCCA8C68}.RelWithDebInfo|ARM64EC.ActiveCfg = Release|Win32
		{81CE8DAF-EBB2-4761-8E45-B71ABCCA8C68}.RelWithDebInfo|ARM64EC.Build.0 = Release|Win32
		{81CE8DAF-EBB2-4761-8E45-B71ABCCA8C68}.RelWithDebInfo|x64.ActiveCfg = Release|x64
		{81CE8DAF-EBB2-4761-8E45-B71ABCCA8C68}.RelWithDebInfo|x64.Build.0 = Release|x64
		{81CE8DAF-EBB2-4761-8E45-B71ABCCA8C68}.RelWithDebInfo|x86.ActiveCfg = Release|Win32
		{81CE8DAF-EBB2-4761-8E45-B71ABCCA8C68}.RelWithDebInfo|x86.Build.0 = Release|Win32
		{4071E373-2639-34A7-9F76-767719C909AF}.Debug|ARM64.ActiveCfg = Debug|x64
		{4071E373-2639-34A7-9F76-767719C909AF}.Debug|ARM64.Build.0 = Debug|x64
		{4071E373-2639-34A7-9F76-767719C909AF}.Debug|ARM64EC.ActiveCfg = Debug|x64
		{4071E373-2639-34A7-9F76-767719C909AF}.Debug|ARM64EC.Build.0 = Debug|x64
		{4071E373-2639-34A7-9F76-767719C909AF}.Debug|x64.ActiveCfg = Debug|x64
		{4071E373-2639-34A7-9F76-767719C909AF}.Debug|x64.Build.0 = Debug|x64
		{4071E373-2639-34A7-9F76-767719C909AF}.Debug|x86.ActiveCfg = Debug|x64
		{4071E373-2639-34A7-9F76-767719C909AF}.Debug|x86.Build.0 = Debug|x64
		{4071E373-2639-34A7-9F76-767719C909AF}.MinSizeRel|ARM64.ActiveCfg = MinSizeRel|x64
		{4071E373-2639-34A7-9F76-767719C909AF}.MinSizeRel|ARM64.Build.0 = MinSizeRel|x64
		{4071E373-2639-34A7-9F76-767719C909AF}.MinSizeRel|ARM64EC.ActiveCfg = MinSizeRel|x64
		{4071E373-2639-34A7-9F76-767719C909AF}.MinSizeRel|ARM64EC.Build.0 = MinSizeRel|x64
		{4071E373-2639-34A7-9F76-767719C909AF}.MinSizeRel|x64.ActiveCfg = MinSizeRel|x64
		{4071E373-2639-34A7-9F76-767719C909AF}.MinSizeRel|x64.Build.0 = MinSizeRel|x64
		{4071E373-2639-34A7-9F76-767719C909AF}.MinSizeRel|x86.ActiveCfg = MinSizeRel|x64
		{4071E373-2639-34A7-9F76-767719C909AF}.MinSizeRel|x86.Build.0 = MinSizeRel|x64
		{4071E373-2639-34A7-9F76-767719C909AF}.PGInstrument|ARM64.ActiveCfg = Release|x64
		{4071E373-2639-34A7-9F76-767719C909AF}.PGInstrument|ARM64.Build.0 = Release|x64
		{4071E373-2639-34A7-9F76-767719C909AF}.PGInstrument|ARM64EC.ActiveCfg = Release|x64
		{4071E373-2639-34A7-9F76-767719C909AF}.PGInstrument|ARM64EC.Build.0 = Release|x64
		{4071E373-2639-34A7-9F76-767719C909AF}.PGInstrument|x64.ActiveCfg = RelWithDebInfo|x64
		{4071E373-2639-34A7-9F76-767719C909AF}.PGInstrument|x64.Build.0 = RelWithDebInfo|x64
		{4071E373-2639-34A7-9F76-767719C909AF}.PGInstrument|x86.ActiveCfg = RelWithDebInfo|x64
		{4071E373-2639-34A7-9F76-767719C909AF}.PGInstrument|x86.Build.0 = RelWithDebInfo|x64
		{4071E373-2639-34A7-9F76-767719C909AF}.PGUpdate|ARM64.ActiveCfg = Release|x64
		{4071E373-2639-34A7-9F76-767719C909AF}.PGUpdate|ARM64.Build.0 = Release|x64
		{4071E373-2639-34A7-9F76-767719C909AF}.PGUpdate|ARM64EC.ActiveCfg = Release|x64
		{4071E373-2639-34A7-9F76-767719C909AF}.PGUpdate|ARM64EC.Build.0 = Release|x64
		{4071E373-2639-34A7-9F76-767719C909AF}.PGUpdate|x64.ActiveCfg = RelWithDebInfo|x64
		{4071E373-2639-34A7-9F76-767719C909AF}.PGUpdate|x64.Build.0 = RelWithDebInfo|x64
		{4071E373-2639-34A7-9F76-767719C909AF}.PGUpdate|x86.ActiveCfg = RelWithDebInfo|x64
		{4071E373-2639-34A7-9F76-767719C909AF}.PGUpdate|x86.Build.0 = RelWithDebInfo|x64
		{4071E373-2639-34A7-9F76-767719C909AF}.Release|ARM64.ActiveCfg = Release|x64
		{4071E373-2639-34A7-9F76-767719C909AF}.Release|ARM64.Build.0 = Release|x64
		{4071E373-2639-34A7-9F76-767719C909AF}.Release|ARM64EC.ActiveCfg = Release|x64
		{4071E373-2639-34A7-9F76-767719C909AF}.Release|ARM64EC.Build.0 = Release|x64
		{4071E373-2639-34A7-9F76-767719C909AF}.Release|x64.ActiveCfg = Release|x64
		{4071E373-2639-34A7-9F76-767719C909AF}.Release|x64.Build.0 = Release|x64
		{4071E373-2639-34A7-9F76-767719C909AF}.Release|x86.ActiveCfg = Release|x64
		{4071E373-2639-34A7-9F76-767719C909AF}.Release|x86.Build.0 = Release|x64
		{4071E373-2639-34A7-9F76-767719C909AF}.RelWithDebInfo|ARM64.ActiveCfg = RelWithDebInfo|x64
		{4071E373-2639-34A7-9F76-767719C909AF}.RelWithDebInfo|ARM64.Build.0 = RelWithDebInfo|x64
		{4071E373-2639-34A7-9F76-767719C909AF}.RelWithDebInfo|ARM64EC.ActiveCfg = RelWithDebInfo|x64
		{4071E373-2639-34A7-9F76-767719C909AF}.RelWithDebInfo|ARM64EC.Build.0 = RelWithDebInfo|x64
		{4071E373-2639-34A7-9F76-767719C909AF}.RelWithDebInfo|x64.ActiveCfg = RelWithDebInfo|x64
		{4071E373-2639-34A7-9F76-767719C909AF}.RelWithDebInfo|x64.Build.0 = RelWithDebInfo|x64
		{4071E373-2639-34A7-9F76-767719C909AF}.RelWithDebInfo|x86.ActiveCfg = RelWithDebInfo|x64
		{4071E373-2639-34A7-9F76-767719C909AF}.RelWithDebInfo|x86.Build.0 = RelWithDebInfo|x64
		{178D52E7-47F4-35B0-9934-F49AB1BE32FF}.Debug|ARM64.ActiveCfg = Debug|x64
		{178D52E7-47F4-35B0-9934-F49AB1BE32FF}.Debug|ARM64.Build.0 = Debug|x64
		{178D52E7-47F4-35B0-9934-F49AB1BE32FF}.Debug|ARM64EC.ActiveCfg = Debug|x64
		{178D52E7-47F4-35B0-9934-F49AB1BE32FF}.Debug|ARM64EC.Build.0 = Debug|x64
		{178D52E7-47F4-35B0-9934-F49AB1BE32FF}.Debug|x64.ActiveCfg = Debug|x64
		{178D52E7-47F4-35B0-9934-F49AB1BE32FF}.Debug|x64.Build.0 = Debug|x64
		{178D52E7-47F4-35B0-9934-F49AB1BE32FF}.Debug|x86.ActiveCfg = Debug|x64
		{178D52E7-47F4-35B0-9934-F49AB1BE32FF}.Debug|x86.Build.0 = Debug|x64
		{178D52E7-47F4-35B0-9934-F49AB1BE32FF}.MinSizeRel|ARM64.ActiveCfg = MinSizeRel|x64
		{178D52E7-47F4-35B0-9934-F49AB1BE32FF}.MinSizeRel|ARM64.Build.0 = MinSizeRel|x64
		{178D52E7-47F4-35B0-9934-F49AB1BE32FF}.MinSizeRel|ARM64EC.ActiveCfg = MinSizeRel|x64
		{178D52E7-47F4-35B0-9934-F49AB1BE32FF}.MinSizeRel|ARM64EC.Build.0 = MinSizeRel|x64
		{178D52E7-47F4-35B0-9934-F49AB1BE32FF}.MinSizeRel|x64.ActiveCfg = MinSizeRel|x64
		{178D52E7-47F4-35B0-9934-F49AB1BE32FF}.MinSizeRel|x64.Build.0 = MinSizeRel|x64
		{178D52E7-47F4-35B0-9934-F49AB1BE32FF}.MinSizeRel|x86.ActiveCfg = MinSizeRel|x64
		{178D52E7-47F4-35B0-9934-F49AB1BE32FF}.MinSizeRel|x86.Build.0 = MinSizeRel|x64
		{178D52E7-47F4-35B0-9934-F49AB1BE32FF}.PGInstrument|ARM64.ActiveCfg = Release|x64
		{178D52E7-47F4-35B0-9934-F49AB1BE32FF}.PGInstrument|ARM64.Build.0 = Release|x64
		{178D52E7-47F4-35B0-9934-F49AB1BE32FF}.PGInstrument|ARM64EC.ActiveCfg = Release|x64
		{178D52E7-47F4-35B0-9934-F49AB1BE32FF}.PGInstrument|ARM64EC.Build.0 = Release|x64
		{178D52E7-47F4-35B0-9934-F49AB1BE32FF}.PGInstrument|x64.ActiveCfg = RelWithDebInfo|x64
		{178D52E7-47F4-35B0-9934-F49AB1BE32FF}.PGInstrument|x64.Build.0 = RelWithDebInfo|x64
		{178D52E7-47F4-35B0-9934-F49AB1BE32FF}.PGInstrument|x86.ActiveCfg = RelWithDebInfo|x64
		{178D52E7-47F4-35B0-9934-F49AB1BE32FF}.PGInstrument|x86.Build.0 = RelWithDebInfo|x64
		{178D52E7-47F4-35B0-9934-F49AB1BE32FF}.PGUpdate|ARM64.ActiveCfg = Release|x64
		{178D52E7-47F4-35B0-9934-F49AB1BE32FF}.PGUpdate|ARM64.Build.0 = Release|x64
		{178D52E7-47F4-35B0-9934-F49AB1BE32FF}.PGUpdate|ARM64EC.ActiveCfg = Release|x64
		{178D52E7-47F4-35B0-9934-F49AB1BE32FF}.PGUpdate|ARM64EC.Build.0 = Release|x64
		{178D52E7-47F4-35B0-9934-F49AB1BE32FF}.PGUpdate|x64.ActiveCfg = RelWithDebInfo|x64
		{178D52E7-47F4-35B0-9934-F49AB1BE32FF}.PGUpdate|x64.Build.0 = RelWithDebInfo|x64
		{178D52E7-47F4-35B0-9934-F49AB1BE32FF}.PGUpdate|x86.ActiveCfg = RelWithDebInfo|x64
		{178D52E7-47F4-35B0-9934-F49AB1BE32FF}.PGUpdate|x86.Build.0 = RelWithDebInfo|x64
		{178D52E7-47F4-35B0-9934-F49AB1BE32FF}.Release|ARM64.ActiveCfg = Release|x64
		{178D52E7-47F4-35B0-9934-F49AB1BE32FF}.Release|ARM64.Build.0 = Release|x64
		{178D52E7-47F4-35B0-9934-F49AB1BE32FF}.Release|ARM64EC.ActiveCfg = Release|x64
		{178D52E7-47F4-35B0-9934-F49AB1BE32FF}.Release|ARM64EC.Build.0 = Release|x64
		{178D52E7-47F4-35B0-9934-F49AB1BE32FF}.Release|x64.ActiveCfg = Release|x64
		{178D52E7-47F4-35B0-9934-F49AB1BE32FF}.Release|x64.Build.0 = Release|x64
		{178D52E7-47F4-35B0-9934-F49AB1BE32FF}.Release|x86.ActiveCfg = Release|x64
		{178D52E7-47F4-35B0-9934-F49AB1BE32FF}.Release|x86.Build.0 = Release|x64
		{178D52E7-47F4-35B0-9934-F49AB1BE32FF}.RelWithDebInfo|ARM64.ActiveCfg = RelWithDebInfo|x64
		{178D52E7-47F4-35B0-9934-F49AB1BE32FF}.RelWithDebInfo|ARM64.Build.0 = RelWithDebInfo|x64
		{178D52E7-47F4-35B0-9934-F49AB1BE32FF}.RelWithDebInfo|ARM64EC.ActiveCfg = RelWithDebInfo|x64
		{178D52E7-47F4-35B0-9934-F49AB1BE32FF}.RelWithDebInfo|ARM64EC.Build.0 = RelWithDebInfo|x64
		{178D52E7-47F4-35B0-9934-F49AB1BE32FF}.RelWithDebInfo|x64.ActiveCfg = RelWithDebInfo|x64
		{178D52E7-47F4-35B0-9934-F49AB1BE32FF}.RelWithDebInfo|x64.Build.0 = RelWithDebInfo|x64
		{178D52E7-47F4-35B0-9934-F49AB1BE32FF}.RelWithDebInfo|x86.ActiveCfg = RelWithDebInfo|x64
		{178D52E7-47F4-35B0-9934-F49AB1BE32FF}.RelWithDebInfo|x86.Build.0 = RelWithDebInfo|x64
		{55AE3D72-7DE6-F19F-AEF2-9AE8CA26CF3D}.Debug|ARM64.ActiveCfg = Debug|x64
		{55AE3D72-7DE6-F19F-AEF2-9AE8CA26CF3D}.Debug|ARM64.Build.0 = Debug|x64
		{55AE3D72-7DE6-F19F-AEF2-9AE8CA26CF3D}.Debug|ARM64EC.ActiveCfg = Debug|x64
		{55AE3D72-7DE6-F19F-AEF2-9AE8CA26CF3D}.Debug|ARM64EC.Build.0 = Debug|x64
		{55AE3D72-7DE6-F19F-AEF2-9AE8CA26CF3D}.Debug|x64.ActiveCfg = Debug|x64
		{55AE3D72-7DE6-F19F-AEF2-9AE8CA26CF3D}.Debug|x64.Build.0 = Debug|x64
		{55AE3D72-7DE6-F19F-AEF2-9AE8CA26CF3D}.Debug|x86.ActiveCfg = Debug|Win32
		{55AE3D72-7DE6-F19F-AEF2-9AE8CA26CF3D}.Debug|x86.Build.0 = Debug|Win32
		{55AE3D72-7DE6-F19F-AEF2-9AE8CA26CF3D}.MinSizeRel|ARM64.ActiveCfg = Release|Win32
		{55AE3D72-7DE6-F19F-AEF2-9AE8CA26CF3D}.MinSizeRel|ARM64.Build.0 = Release|Win32
		{55AE3D72-7DE6-F19F-AEF2-9AE8CA26CF3D}.MinSizeRel|ARM64EC.ActiveCfg = Release|Win32
		{55AE3D72-7DE6-F19F-AEF2-9AE8CA26CF3D}.MinSizeRel|ARM64EC.Build.0 = Release|Win32
		{55AE3D72-7DE6-F19F-AEF2-9AE8CA26CF3D}.MinSizeRel|x64.ActiveCfg = Debug|x64
		{55AE3D72-7DE6-F19F-AEF2-9AE8CA26CF3D}.MinSizeRel|x64.Build.0 = Debug|x64
		{55AE3D72-7DE6-F19F-AEF2-9AE8CA26CF3D}.MinSizeRel|x86.ActiveCfg = Debug|Win32
		{55AE3D72-7DE6-F19F-AEF2-9AE8CA26CF3D}.MinSizeRel|x86.Build.0 = Debug|Win32
		{55AE3D72-7DE6-F19F-AEF2-9AE8CA26CF3D}.PGInstrument|ARM64.ActiveCfg = Release|Win32
		{55AE3D72-7DE6-F19F-AEF2-9AE8CA26CF3D}.PGInstrument|ARM64.Build.0 = Release|Win32
		{55AE3D72-7DE6-F19F-AEF2-9AE8CA26CF3D}.PGInstrument|ARM64EC.ActiveCfg = Release|Win32
		{55AE3D72-7DE6-F19F-AEF2-9AE8CA26CF3D}.PGInstrument|ARM64EC.Build.0 = Release|Win32
		{55AE3D72-7DE6-F19F-AEF2-9AE8CA26CF3D}.PGInstrument|x64.ActiveCfg = Debug|x64
		{55AE3D72-7DE6-F19F-AEF2-9AE8CA26CF3D}.PGInstrument|x64.Build.0 = Debug|x64
		{55AE3D72-7DE6-F19F-AEF2-9AE8CA26CF3D}.PGInstrument|x86.ActiveCfg = Debug|Win32
		{55AE3D72-7DE6-F19F-AEF2-9AE8CA26CF3D}.PGInstrument|x86.Build.0 = Debug|Win32
		{55AE3D72-7DE6-F19F-AEF2-9AE8CA26CF3D}.PGUpdate|ARM64.ActiveCfg = Release|Win32
		{55AE3D72-7DE6-F19F-AEF2-9AE8CA26CF3D}.PGUpdate|ARM64.Build.0 = Release|Win32
		{55AE3D72-7DE6-F19F-AEF2-9AE8CA26CF3D}.PGUpdate|ARM64EC.ActiveCfg = Release|Win32
		{55AE3D72-7DE6-F19F-AEF2-9AE8CA26CF3D}.PGUpdate|ARM64EC.Build.0 = Release|Win32
		{55AE3D72-7DE6-F19F-AEF2-9AE8CA26CF3D}.PGUpdate|x64.ActiveCfg = Debug|x64
		{55AE3D72-7DE6-F19F-AEF2-9AE8CA26CF3D}.PGUpdate|x64.Build.0 = Debug|x64
		{55AE3D72-7DE6-F19F-AEF2-9AE8CA26CF3D}.PGUpdate|x86.ActiveCfg = Debug|Win32
		{55AE3D72-7DE6-F19F-AEF2-9AE8CA26CF3D}.PGUpdate|x86.Build.0 = Debug|Win32
		{55AE3D72-7DE6-F19F-AEF2-9AE8CA26CF3D}.Release|ARM64.ActiveCfg = Release|x64
		{55AE3D72-7DE6-F19F-AEF2-9AE8CA26CF3D}.Release|ARM64.Build.0 = Release|x64
		{55AE3D72-7DE6-F19F-AEF2-9AE8CA26CF3D}.Release|ARM64EC.ActiveCfg = Release|x64
		{55AE3D72-7DE6-F19F-AEF2-9AE8CA26CF3D}.Release|ARM64EC.Build.0 = Release|x64
		{55AE3D72-7DE6-F19F-AEF2-9AE8CA26CF3D}.Release|x64.ActiveCfg = Release|x64
		{55AE3D72-7DE6-F19F-AEF2-9AE8CA26CF3D}.Release|x64.Build.0 = Release|x64
		{55AE3D72-7DE6-F19F-AEF2-9AE8CA26CF3D}.Release|x86.ActiveCfg = Release|Win32
		{55AE3D72-7DE6-F19F-AEF2-9AE8CA26CF3D}.Release|x86.Build.0 = Release|Win32
		{55AE3D72-7DE6-F19F-AEF2-9AE8CA26CF3D}.RelWithDebInfo|ARM64.ActiveCfg = Release|Win32
		{55AE3D72-7DE6-F19F-AEF2-9AE8CA26CF3D}.RelWithDebInfo|ARM64.Build.0 = Release|Win32
		{55AE3D72-7DE6-F19F-AEF2-9AE8CA26CF3D}.RelWithDebInfo|ARM64EC.ActiveCfg = Release|Win32
		{55AE3D72-7DE6-F19F-AEF2-9AE8CA26CF3D}.RelWithDebInfo|ARM64EC.Build.0 = Release|Win32
		{55AE3D72-7DE6-F19F-AEF2-9AE8CA26CF3D}.RelWithDebInfo|x64.ActiveCfg = Release|x64
		{55AE3D72-7DE6-F19F-AEF2-9AE8CA26CF3D}.RelWithDebInfo|x64.Build.0 = Release|x64
		{55AE3D72-7DE6-F19F-AEF2-9AE8CA26CF3D}.RelWithDebInfo|x86.ActiveCfg = Release|Win32
		{55AE3D72-7DE6-F19F-AEF2-9AE8CA26CF3D}.RelWithDebInfo|x86.Build.0 = Release|Win32
		{ABB5EAE7-B3E6-432E-B636-333449892EA7}.Debug|ARM64.ActiveCfg = Debug|ARM64
		{ABB5EAE7-B3E6-432E-B636-333449892EA7}.Debug|ARM64.Build.0 = Debug|ARM64
		{ABB5EAE7-B3E6-432E-B636-333449892EA7}.Debug|ARM64EC.ActiveCfg = Debug|ARM64EC
		{ABB5EAE7-B3E6-432E-B636-333449892EA7}.Debug|ARM64EC.Build.0 = Debug|ARM64EC
		{ABB5EAE7-B3E6-432E-B636-333449892EA7}.Debug|x64.ActiveCfg = Debug|x64
		{ABB5EAE7-B3E6-432E-B636-333449892EA7}.Debug|x64.Build.0 = Debug|x64
		{ABB5EAE7-B3E6-432E-B636-333449892EA7}.Debug|x86.ActiveCfg = Debug|Win32
		{ABB5EAE7-B3E6-432E-B636-333449892EA7}.Debug|x86.Build.0 = Debug|Win32
		{ABB5EAE7-B3E6-432E-B636-333449892EA7}.MinSizeRel|ARM64.ActiveCfg = Debug|ARM64
		{ABB5EAE7-B3E6-432E-B636-333449892EA7}.MinSizeRel|ARM64.Build.0 = Debug|ARM64
		{ABB5EAE7-B3E6-432E-B636-333449892EA7}.MinSizeRel|ARM64EC.ActiveCfg = Release|ARM64EC
		{ABB5EAE7-B3E6-432E-B636-333449892EA7}.MinSizeRel|ARM64EC.Build.0 = Release|ARM64EC
		{ABB5EAE7-B3E6-432E-B636-333449892EA7}.MinSizeRel|x64.ActiveCfg = Debug|x64
		{ABB5EAE7-B3E6-432E-B636-333449892EA7}.MinSizeRel|x64.Build.0 = Debug|x64
		{ABB5EAE7-B3E6-432E-B636-333449892EA7}.MinSizeRel|x86.ActiveCfg = Debug|Win32
		{ABB5EAE7-B3E6-432E-B636-333449892EA7}.MinSizeRel|x86.Build.0 = Debug|Win32
		{ABB5EAE7-B3E6-432E-B636-333449892EA7}.PGInstrument|ARM64.ActiveCfg = Debug|ARM64
		{ABB5EAE7-B3E6-432E-B636-333449892EA7}.PGInstrument|ARM64.Build.0 = Debug|ARM64
		{ABB5EAE7-B3E6-432E-B636-333449892EA7}.PGInstrument|ARM64EC.ActiveCfg = Release|ARM64EC
		{ABB5EAE7-B3E6-432E-B636-333449892EA7}.PGInstrument|ARM64EC.Build.0 = Release|ARM64EC
		{ABB5EAE7-B3E6-432E-B636-333449892EA7}.PGInstrument|x64.ActiveCfg = Debug|x64
		{ABB5EAE7-B3E6-432E-B636-333449892EA7}.PGInstrument|x64.Build.0 = Debug|x64
		{ABB5EAE7-B3E6-432E-B636-333449892EA7}.PGInstrument|x86.ActiveCfg = Debug|Win32
		{ABB5EAE7-B3E6-432E-B636-333449892EA7}.PGInstrument|x86.Build.0 = Debug|Win32
		{ABB5EAE7-B3E6-432E-B636-333449892EA7}.PGUpdate|ARM64.ActiveCfg = Debug|ARM64
		{ABB5EAE7-B3E6-432E-B636-333449892EA7}.PGUpdate|ARM64.Build.0 = Debug|ARM64
		{ABB5EAE7-B3E6-432E-B636-333449892EA7}.PGUpdate|ARM64EC.ActiveCfg = Release|ARM64EC
		{ABB5EAE7-B3E6-432E-B636-333449892EA7}.PGUpdate|ARM64EC.Build.0 = Release|ARM64EC
		{ABB5EAE7-B3E6-432E-B636-333449892EA7}.PGUpdate|x64.ActiveCfg = Debug|x64
		{ABB5EAE7-B3E6-432E-B636-333449892EA7}.PGUpdate|x64.Build.0 = Debug|x64
		{ABB5EAE7-B3E6-432E-B636-333449892EA7}.PGUpdate|x86.ActiveCfg = Debug|Win32
		{ABB5EAE7-B3E6-432E-B636-333449892EA7}.PGUpdate|x86.Build.0 = Debug|Win32
		{ABB5EAE7-B3E6-432E-B636-333449892EA7}.Release|ARM64.ActiveCfg = Release|ARM64
		{ABB5EAE7-B3E6-432E-B636-333449892EA7}.Release|ARM64.Build.0 = Release|ARM64
		{ABB5EAE7-B3E6-432E-B636-333449892EA7}.Release|ARM64EC.ActiveCfg = Release|ARM64EC
		{ABB5EAE7-B3E6-432E-B636-333449892EA7}.Release|ARM64EC.Build.0 = Release|ARM64EC
		{ABB5EAE7-B3E6-432E-B636-333449892EA7}.Release|x64.ActiveCfg = Release|x64
		{ABB5EAE7-B3E6-432E-B636-333449892EA7}.Release|x64.Build.0 = Release|x64
		{ABB5EAE7-B3E6-432E-B636-333449892EA7}.Release|x86.ActiveCfg = Release|Win32
		{ABB5EAE7-B3E6-432E-B636-333449892EA7}.Release|x86.Build.0 = Release|Win32
		{ABB5EAE7-B3E6-432E-B636-333449892EA7}.RelWithDebInfo|ARM64.ActiveCfg = Release|ARM64
		{ABB5EAE7-B3E6-432E-B636-333449892EA7}.RelWithDebInfo|ARM64.Build.0 = Release|ARM64
		{ABB5EAE7-B3E6-432E-B636-333449892EA7}.RelWithDebInfo|ARM64EC.ActiveCfg = Release|ARM64EC
		{ABB5EAE7-B3E6-432E-B636-333449892EA7}.RelWithDebInfo|ARM64EC.Build.0 = Release|ARM64EC
		{ABB5EAE7-B3E6-432E-B636-333449892EA7}.RelWithDebInfo|x64.ActiveCfg = Release|x64
		{ABB5EAE7-B3E6-432E-B636-333449892EA7}.RelWithDebInfo|x64.Build.0 = Release|x64
		{ABB5EAE7-B3E6-432E-B636-333449892EA7}.RelWithDebInfo|x86.ActiveCfg = Release|Win32
		{ABB5EAE7-B3E6-432E-B636-333449892EA7}.RelWithDebInfo|x86.Build.0 = Release|Win32
	EndGlobalSection
	GlobalSection(SolutionProperties) = preSolution
		HideSolutionNode = FALSE
	EndGlobalSection
	GlobalSection(ExtensibilityGlobals) = postSolution
		SolutionGuid = {7CEEE9F9-FD5A-439D-9D5B-32BC62986BB8}
	EndGlobalSection
EndGlobal
